PODS:
  - JellyAnimationView (0.3.1)

DEPENDENCIES:
  - JellyAnimationView (from `../`)

EXTERNAL SOURCES:
  JellyAnimationView:
    :path: "../"

SPEC CHECKSUMS:
  JellyAnimationView: 5a1d9b1ae0b9750b8e30a7247ea2bc5f6d014d16

PODFILE CHECKSUM: 40de5f1ac6180bfe00a5b2a2f9d083dbde93d9f1

COCOAPODS: 1.6.0.rc.2
